
Microsoft Visual Studio Solution File, Format Version 12.00
# Visual Studio Version 17
VisualStudioVersion = 17.5.002.0
MinimumVisualStudioVersion = 10.0.40219.1
Project("{9A19103F-16F7-4668-BE54-9A1E7A4F7556}") = "Shepherd", "Shepherd.csproj", "{AFAD1808-C151-4681-9AB9-1B9DBBD9C2DC}"
EndProject
Global
	GlobalSection(SolutionConfigurationPlatforms) = preSolution
		Debug|Any CPU = Debug|Any CPU
		Release|Any CPU = Release|Any CPU
	EndGlobalSection
	GlobalSection(ProjectConfigurationPlatforms) = postSolution
		{AFAD1808-C151-4681-9AB9-1B9DBBD9C2DC}.Debug|Any CPU.ActiveCfg = Debug|Any CPU
		{AFAD1808-C151-4681-9AB9-1B9DBBD9C2DC}.Debug|Any CPU.Build.0 = Debug|Any CPU
		{AFAD1808-C151-4681-9AB9-1B9DBBD9C2DC}.Release|Any CPU.ActiveCfg = Release|Any CPU
		{AFAD1808-C151-4681-9AB9-1B9DBBD9C2DC}.Release|Any CPU.Build.0 = Release|Any CPU
	EndGlobalSection
	GlobalSection(SolutionProperties) = preSolution
		HideSolutionNode = FALSE
	EndGlobalSection
	GlobalSection(ExtensibilityGlobals) = postSolution
		SolutionGuid = {8984DB46-349D-465F-9117-867EE2C7754A}
	EndGlobalSection
EndGlobal
